
Microsoft Visual Studio Solution File, Format Version 12.00
# Visual Studio 2012
Project("{FAE04EC0-301F-11D3-BF4B-00C04F79EFBC}") = "DailyDiary", "DailyDiary\DailyDiary.csproj", "{8F4FDA44-543E-400D-98D0-BD0407A89983}"
EndProject
Project("{FAE04EC0-301F-11D3-BF4B-00C04F79EFBC}") = "DailyDiaryApi.AcceptanceTests", "DailyDiaryApi.AcceptanceTests\DailyDiaryApi.AcceptanceTests.csproj", "{ACB1BB8E-68CA-4BF2-A398-A47C9FDE6737}"
EndProject
Project("{FAE04EC0-301F-11D3-BF4B-00C04F79EFBC}") = "DailyDiaryApi", "DailyDiaryApi\DailyDiaryApi.csproj", "{C9AC0224-3E8B-46DF-B59A-2579C59183EE}"
EndProject
Global
	GlobalSection(SolutionConfigurationPlatforms) = preSolution
		Debug|Any CPU = Debug|Any CPU
		Release|Any CPU = Release|Any CPU
	EndGlobalSection
	GlobalSection(ProjectConfigurationPlatforms) = postSolution
		{8F4FDA44-543E-400D-98D0-BD0407A89983}.Debug|Any CPU.ActiveCfg = Debug|Any CPU
		{8F4FDA44-543E-400D-98D0-BD0407A89983}.Debug|Any CPU.Build.0 = Debug|Any CPU
		{8F4FDA44-543E-400D-98D0-BD0407A89983}.Release|Any CPU.ActiveCfg = Release|Any CPU
		{8F4FDA44-543E-400D-98D0-BD0407A89983}.Release|Any CPU.Build.0 = Release|Any CPU
		{ACB1BB8E-68CA-4BF2-A398-A47C9FDE6737}.Debug|Any CPU.ActiveCfg = Debug|Any CPU
		{ACB1BB8E-68CA-4BF2-A398-A47C9FDE6737}.Debug|Any CPU.Build.0 = Debug|Any CPU
		{ACB1BB8E-68CA-4BF2-A398-A47C9FDE6737}.Release|Any CPU.ActiveCfg = Release|Any CPU
		{ACB1BB8E-68CA-4BF2-A398-A47C9FDE6737}.Release|Any CPU.Build.0 = Release|Any CPU
		{C9AC0224-3E8B-46DF-B59A-2579C59183EE}.Debug|Any CPU.ActiveCfg = Debug|Any CPU
		{C9AC0224-3E8B-46DF-B59A-2579C59183EE}.Debug|Any CPU.Build.0 = Debug|Any CPU
		{C9AC0224-3E8B-46DF-B59A-2579C59183EE}.Release|Any CPU.ActiveCfg = Release|Any CPU
		{C9AC0224-3E8B-46DF-B59A-2579C59183EE}.Release|Any CPU.Build.0 = Release|Any CPU
	EndGlobalSection
	GlobalSection(SolutionProperties) = preSolution
		HideSolutionNode = FALSE
	EndGlobalSection
EndGlobal
